
Microsoft Visual Studio Solution File, Format Version 12.00
# Visual Studio Version 16
VisualStudioVersion = 16.0.30717.126
MinimumVisualStudioVersion = 10.0.40219.1
Project("{2150E333-8FDC-42A3-9474-1A3956D46DE8}") = "Feature", "Feature", "{18482633-DC32-46E5-8D52-BE79BAA75996}"
EndProject
Project("{2150E333-8FDC-42A3-9474-1A3956D46DE8}") = "XBlog", "XBlog", "{A497ED1C-02E5-4E12-B9AD-87CF026BEE11}"
EndProject
Project("{2150E333-8FDC-42A3-9474-1A3956D46DE8}") = "Project", "Project", "{613CBE4C-D514-4CA2-A6DE-FE2164700452}"
EndProject
Project("{FAE04EC0-301F-11D3-BF4B-00C04F79EFBC}") = "Sitecore.Project.XBlogMVC", "src\Project\code\Sitecore.Project.XBlogMVC\Sitecore.Project.XBlogMVC.csproj", "{FA180933-A234-4122-98CB-DF9CE4D8DA78}"
EndProject
Project("{FAE04EC0-301F-11D3-BF4B-00C04F79EFBC}") = "Sitecore.Project.XBlog", "src\Project\code\Sitecore.Project.XBlog\Sitecore.Project.XBlog.csproj", "{D26CE6B2-7E46-4B06-BFEC-0489AA842629}"
EndProject
Project("{FAE04EC0-301F-11D3-BF4B-00C04F79EFBC}") = "Sitecore.Feature.XBlog", "src\Feature\XBlog\code\Sitecore.Feature.XBlog.csproj", "{42D08774-44AE-469F-B65D-1089BC530028}"
EndProject
Global
	GlobalSection(SolutionConfigurationPlatforms) = preSolution
		Debug|Any CPU = Debug|Any CPU
		Release|Any CPU = Release|Any CPU
	EndGlobalSection
	GlobalSection(ProjectConfigurationPlatforms) = postSolution
		{FA180933-A234-4122-98CB-DF9CE4D8DA78}.Debug|Any CPU.ActiveCfg = Debug|Any CPU
		{FA180933-A234-4122-98CB-DF9CE4D8DA78}.Debug|Any CPU.Build.0 = Debug|Any CPU
		{FA180933-A234-4122-98CB-DF9CE4D8DA78}.Release|Any CPU.ActiveCfg = Release|Any CPU
		{FA180933-A234-4122-98CB-DF9CE4D8DA78}.Release|Any CPU.Build.0 = Release|Any CPU
		{D26CE6B2-7E46-4B06-BFEC-0489AA842629}.Debug|Any CPU.ActiveCfg = Debug|Any CPU
		{D26CE6B2-7E46-4B06-BFEC-0489AA842629}.Debug|Any CPU.Build.0 = Debug|Any CPU
		{D26CE6B2-7E46-4B06-BFEC-0489AA842629}.Release|Any CPU.ActiveCfg = Release|Any CPU
		{D26CE6B2-7E46-4B06-BFEC-0489AA842629}.Release|Any CPU.Build.0 = Release|Any CPU
		{42D08774-44AE-469F-B65D-1089BC530028}.Debug|Any CPU.ActiveCfg = Debug|Any CPU
		{42D08774-44AE-469F-B65D-1089BC530028}.Debug|Any CPU.Build.0 = Debug|Any CPU
		{42D08774-44AE-469F-B65D-1089BC530028}.Release|Any CPU.ActiveCfg = Release|Any CPU
		{42D08774-44AE-469F-B65D-1089BC530028}.Release|Any CPU.Build.0 = Release|Any CPU
	EndGlobalSection
	GlobalSection(SolutionProperties) = preSolution
		HideSolutionNode = FALSE
	EndGlobalSection
	GlobalSection(NestedProjects) = preSolution
		{A497ED1C-02E5-4E12-B9AD-87CF026BEE11} = {18482633-DC32-46E5-8D52-BE79BAA75996}
		{FA180933-A234-4122-98CB-DF9CE4D8DA78} = {613CBE4C-D514-4CA2-A6DE-FE2164700452}
		{D26CE6B2-7E46-4B06-BFEC-0489AA842629} = {613CBE4C-D514-4CA2-A6DE-FE2164700452}
		{42D08774-44AE-469F-B65D-1089BC530028} = {A497ED1C-02E5-4E12-B9AD-87CF026BEE11}
	EndGlobalSection
	GlobalSection(ExtensibilityGlobals) = postSolution
		SolutionGuid = {EAA6E539-9241-47D8-991D-5B6ECE3790E7}
	EndGlobalSection
EndGlobal
